
Microsoft Visual Studio Solution File, Format Version 12.00
# Visual Studio Version 17
VisualStudioVersion = 17.5.33627.172
MinimumVisualStudioVersion = 10.0.40219.1
Project("{9A19103F-16F7-4668-BE54-9A1E7A4F7556}") = "PokerTracker3000", "PokerTracker3000.csproj", "{CC0085E9-01AD-4F32-9314-F5590BFE1148}"
EndProject
Project("{9A19103F-16F7-4668-BE54-9A1E7A4F7556}") = "DotSpotifyWebWrapper", "DotSpotifyWebWrapper\DotSpotifyWebWrapper.csproj", "{88B546A4-CC9F-4619-BD9A-D5736520AD5E}"
EndProject
Project("{9A19103F-16F7-4668-BE54-9A1E7A4F7556}") = "DotXInput", "DotXInput\DotXInput.csproj", "{6AFF6E27-BBE3-49FE-A673-B30E319CBB67}"
EndProject
Global
	GlobalSection(SolutionConfigurationPlatforms) = preSolution
		Debug|Any CPU = Debug|Any CPU
		Release|Any CPU = Release|Any CPU
	EndGlobalSection
	GlobalSection(ProjectConfigurationPlatforms) = postSolution
		{CC0085E9-01AD-4F32-9314-F5590BFE1148}.Debug|Any CPU.ActiveCfg = Debug|Any CPU
		{CC0085E9-01AD-4F32-9314-F5590BFE1148}.Debug|Any CPU.Build.0 = Debug|Any CPU
		{CC0085E9-01AD-4F32-9314-F5590BFE1148}.Release|Any CPU.ActiveCfg = Release|Any CPU
		{CC0085E9-01AD-4F32-9314-F5590BFE1148}.Release|Any CPU.Build.0 = Release|Any CPU
		{88B546A4-CC9F-4619-BD9A-D5736520AD5E}.Debug|Any CPU.ActiveCfg = Debug|Any CPU
		{88B546A4-CC9F-4619-BD9A-D5736520AD5E}.Debug|Any CPU.Build.0 = Debug|Any CPU
		{88B546A4-CC9F-4619-BD9A-D5736520AD5E}.Release|Any CPU.ActiveCfg = Release|Any CPU
		{88B546A4-CC9F-4619-BD9A-D5736520AD5E}.Release|Any CPU.Build.0 = Release|Any CPU
		{6AFF6E27-BBE3-49FE-A673-B30E319CBB67}.Debug|Any CPU.ActiveCfg = Debug|Any CPU
		{6AFF6E27-BBE3-49FE-A673-B30E319CBB67}.Debug|Any CPU.Build.0 = Debug|Any CPU
		{6AFF6E27-BBE3-49FE-A673-B30E319CBB67}.Release|Any CPU.ActiveCfg = Release|Any CPU
		{6AFF6E27-BBE3-49FE-A673-B30E319CBB67}.Release|Any CPU.Build.0 = Release|Any CPU
	EndGlobalSection
	GlobalSection(SolutionProperties) = preSolution
		HideSolutionNode = FALSE
	EndGlobalSection
	GlobalSection(ExtensibilityGlobals) = postSolution
		SolutionGuid = {4519AD05-A049-4D53-8FE0-3FEFBD15AB3C}
	EndGlobalSection
EndGlobal
